
Microsoft Visual Studio Solution File, Format Version 12.00
# Visual Studio 15
VisualStudioVersion = 15.0.27428.2037
MinimumVisualStudioVersion = 10.0.40219.1
Project("{FAE04EC0-301F-11D3-BF4B-00C04F79EFBC}") = "WindowsFormsApp1", "WindowsFormsApp1\WindowsFormsApp1.csproj", "{36B87C5C-E4AF-4253-A68F-34A1F71F2724}"
EndProject
Global
	GlobalSection(SolutionConfigurationPlatforms) = preSolution
		Debug|Any CPU = Debug|Any CPU
		Release|Any CPU = Release|Any CPU
	EndGlobalSection
	GlobalSection(ProjectConfigurationPlatforms) = postSolution
		{36B87C5C-E4AF-4253-A68F-34A1F71F2724}.Debug|Any CPU.ActiveCfg = Debug|Any CPU
		{36B87C5C-E4AF-4253-A68F-34A1F71F2724}.Debug|Any CPU.Build.0 = Debug|Any CPU
		{36B87C5C-E4AF-4253-A68F-34A1F71F2724}.Release|Any CPU.ActiveCfg = Release|Any CPU
		{36B87C5C-E4AF-4253-A68F-34A1F71F2724}.Release|Any CPU.Build.0 = Release|Any CPU
	EndGlobalSection
	GlobalSection(SolutionProperties) = preSolution
		HideSolutionNode = FALSE
	EndGlobalSection
	GlobalSection(ExtensibilityGlobals) = postSolution
		SolutionGuid = {70FE4938-F2AB-4901-87A6-EC93FBC502AA}
	EndGlobalSection
EndGlobal
